
Microsoft Visual Studio Solution File, Format Version 12.00
# Visual Studio Version 17
VisualStudioVersion = 17.14.36511.14 d17.14
MinimumVisualStudioVersion = 10.0.40219.1
Project("{FAE04EC0-301F-11D3-BF4B-00C04F79EFBC}") = "Praktik3.3", "Praktik3.3\Praktik3.3.csproj", "{95FF6F8A-5052-4D89-8A56-C0E331028DCF}"
EndProject
Global
	GlobalSection(SolutionConfigurationPlatforms) = preSolution
		Debug|Any CPU = Debug|Any CPU
		Release|Any CPU = Release|Any CPU
	EndGlobalSection
	GlobalSection(ProjectConfigurationPlatforms) = postSolution
		{95FF6F8A-5052-4D89-8A56-C0E331028DCF}.Debug|Any CPU.ActiveCfg = Debug|Any CPU
		{95FF6F8A-5052-4D89-8A56-C0E331028DCF}.Debug|Any CPU.Build.0 = Debug|Any CPU
		{95FF6F8A-5052-4D89-8A56-C0E331028DCF}.Release|Any CPU.ActiveCfg = Release|Any CPU
		{95FF6F8A-5052-4D89-8A56-C0E331028DCF}.Release|Any CPU.Build.0 = Release|Any CPU
	EndGlobalSection
	GlobalSection(SolutionProperties) = preSolution
		HideSolutionNode = FALSE
	EndGlobalSection
	GlobalSection(ExtensibilityGlobals) = postSolution
		SolutionGuid = {4BD2F1CD-8287-4DD5-9631-333F9AEE4E01}
	EndGlobalSection
EndGlobal
