
Microsoft Visual Studio Solution File, Format Version 12.00
# Visual Studio Version 17
VisualStudioVersion = 17.14.36518.9 d17.14
MinimumVisualStudioVersion = 10.0.40219.1
Project("{FAE04EC0-301F-11D3-BF4B-00C04F79EFBC}") = "Praktik5.8_31.Tivano Bima Kusuma-XPPLG1", "Praktik5.8_31.Tivano Bima Kusuma-XPPLG1.csproj", "{73E9A974-FC3E-4130-A6D1-DB764280868E}"
EndProject
Global
	GlobalSection(SolutionConfigurationPlatforms) = preSolution
		Debug|Any CPU = Debug|Any CPU
		Release|Any CPU = Release|Any CPU
	EndGlobalSection
	GlobalSection(ProjectConfigurationPlatforms) = postSolution
		{73E9A974-FC3E-4130-A6D1-DB764280868E}.Debug|Any CPU.ActiveCfg = Debug|Any CPU
		{73E9A974-FC3E-4130-A6D1-DB764280868E}.Debug|Any CPU.Build.0 = Debug|Any CPU
		{73E9A974-FC3E-4130-A6D1-DB764280868E}.Release|Any CPU.ActiveCfg = Release|Any CPU
		{73E9A974-FC3E-4130-A6D1-DB764280868E}.Release|Any CPU.Build.0 = Release|Any CPU
	EndGlobalSection
	GlobalSection(SolutionProperties) = preSolution
		HideSolutionNode = FALSE
	EndGlobalSection
	GlobalSection(ExtensibilityGlobals) = postSolution
		SolutionGuid = {1D569A04-41DA-4B59-B21E-FCDBA6AB5D82}
	EndGlobalSection
EndGlobal
