
Microsoft Visual Studio Solution File, Format Version 12.00
# Visual Studio Version 17
VisualStudioVersion = 17.14.36511.14 d17.14
MinimumVisualStudioVersion = 10.0.40219.1
Project("{FAE04EC0-301F-11D3-BF4B-00C04F79EFBC}") = "Praktik4.4_31.Tivano Bima Kusuma-XPPLG1", "Praktik4.4_31.Tivano Bima Kusuma-XPPLG1.csproj", "{BD4FFA42-0786-47FA-B4C8-4EF583F2EFFD}"
EndProject
Global
	GlobalSection(SolutionConfigurationPlatforms) = preSolution
		Debug|Any CPU = Debug|Any CPU
		Release|Any CPU = Release|Any CPU
	EndGlobalSection
	GlobalSection(ProjectConfigurationPlatforms) = postSolution
		{BD4FFA42-0786-47FA-B4C8-4EF583F2EFFD}.Debug|Any CPU.ActiveCfg = Debug|Any CPU
		{BD4FFA42-0786-47FA-B4C8-4EF583F2EFFD}.Debug|Any CPU.Build.0 = Debug|Any CPU
		{BD4FFA42-0786-47FA-B4C8-4EF583F2EFFD}.Release|Any CPU.ActiveCfg = Release|Any CPU
		{BD4FFA42-0786-47FA-B4C8-4EF583F2EFFD}.Release|Any CPU.Build.0 = Release|Any CPU
	EndGlobalSection
	GlobalSection(SolutionProperties) = preSolution
		HideSolutionNode = FALSE
	EndGlobalSection
	GlobalSection(ExtensibilityGlobals) = postSolution
		SolutionGuid = {77CF3589-6D57-4ABE-89DF-2BC1D929F224}
	EndGlobalSection
EndGlobal
