
Microsoft Visual Studio Solution File, Format Version 12.00
# Visual Studio Version 17
VisualStudioVersion = 17.14.36518.9 d17.14
MinimumVisualStudioVersion = 10.0.40219.1
Project("{FAE04EC0-301F-11D3-BF4B-00C04F79EFBC}") = "Praktik4.11_31.Tivano Bima Kusuma-XPPLG1", "Praktik4.11_31.Tivano Bima Kusuma-XPPLG1.csproj", "{82B732AB-1DE0-49A3-8BC7-5560ADC67381}"
EndProject
Global
	GlobalSection(SolutionConfigurationPlatforms) = preSolution
		Debug|Any CPU = Debug|Any CPU
		Release|Any CPU = Release|Any CPU
	EndGlobalSection
	GlobalSection(ProjectConfigurationPlatforms) = postSolution
		{82B732AB-1DE0-49A3-8BC7-5560ADC67381}.Debug|Any CPU.ActiveCfg = Debug|Any CPU
		{82B732AB-1DE0-49A3-8BC7-5560ADC67381}.Debug|Any CPU.Build.0 = Debug|Any CPU
		{82B732AB-1DE0-49A3-8BC7-5560ADC67381}.Release|Any CPU.ActiveCfg = Release|Any CPU
		{82B732AB-1DE0-49A3-8BC7-5560ADC67381}.Release|Any CPU.Build.0 = Release|Any CPU
	EndGlobalSection
	GlobalSection(SolutionProperties) = preSolution
		HideSolutionNode = FALSE
	EndGlobalSection
	GlobalSection(ExtensibilityGlobals) = postSolution
		SolutionGuid = {1C53AC85-0C47-49A6-9739-386252305659}
	EndGlobalSection
EndGlobal
