
Microsoft Visual Studio Solution File, Format Version 12.00
# Visual Studio Version 17
VisualStudioVersion = 17.14.36518.9 d17.14
MinimumVisualStudioVersion = 10.0.40219.1
Project("{FAE04EC0-301F-11D3-BF4B-00C04F79EFBC}") = "Praktik4.12_31.Tivano Bima Kusuma-XPPLG1", "Praktik4.12_31.Tivano Bima Kusuma-XPPLG1.csproj", "{BD88BA95-C4AD-4F46-8A0A-406BD7A25B45}"
EndProject
Global
	GlobalSection(SolutionConfigurationPlatforms) = preSolution
		Debug|Any CPU = Debug|Any CPU
		Release|Any CPU = Release|Any CPU
	EndGlobalSection
	GlobalSection(ProjectConfigurationPlatforms) = postSolution
		{BD88BA95-C4AD-4F46-8A0A-406BD7A25B45}.Debug|Any CPU.ActiveCfg = Debug|Any CPU
		{BD88BA95-C4AD-4F46-8A0A-406BD7A25B45}.Debug|Any CPU.Build.0 = Debug|Any CPU
		{BD88BA95-C4AD-4F46-8A0A-406BD7A25B45}.Release|Any CPU.ActiveCfg = Release|Any CPU
		{BD88BA95-C4AD-4F46-8A0A-406BD7A25B45}.Release|Any CPU.Build.0 = Release|Any CPU
	EndGlobalSection
	GlobalSection(SolutionProperties) = preSolution
		HideSolutionNode = FALSE
	EndGlobalSection
	GlobalSection(ExtensibilityGlobals) = postSolution
		SolutionGuid = {E0A4CD48-8D72-46F3-A56C-BD78FB3B2531}
	EndGlobalSection
EndGlobal
