
Microsoft Visual Studio Solution File, Format Version 12.00
# Visual Studio Version 17
VisualStudioVersion = 17.14.36518.9 d17.14
MinimumVisualStudioVersion = 10.0.40219.1
Project("{FAE04EC0-301F-11D3-BF4B-00C04F79EFBC}") = "Praktik5.5_31.Tivano Bima Kusuma-XPPLG1", "Praktik5.5_31.Tivano Bima Kusuma-XPPLG1.csproj", "{2C2B2F86-B94A-4833-BDF3-D852C9AF4856}"
EndProject
Global
	GlobalSection(SolutionConfigurationPlatforms) = preSolution
		Debug|Any CPU = Debug|Any CPU
		Release|Any CPU = Release|Any CPU
	EndGlobalSection
	GlobalSection(ProjectConfigurationPlatforms) = postSolution
		{2C2B2F86-B94A-4833-BDF3-D852C9AF4856}.Debug|Any CPU.ActiveCfg = Debug|Any CPU
		{2C2B2F86-B94A-4833-BDF3-D852C9AF4856}.Debug|Any CPU.Build.0 = Debug|Any CPU
		{2C2B2F86-B94A-4833-BDF3-D852C9AF4856}.Release|Any CPU.ActiveCfg = Release|Any CPU
		{2C2B2F86-B94A-4833-BDF3-D852C9AF4856}.Release|Any CPU.Build.0 = Release|Any CPU
	EndGlobalSection
	GlobalSection(SolutionProperties) = preSolution
		HideSolutionNode = FALSE
	EndGlobalSection
	GlobalSection(ExtensibilityGlobals) = postSolution
		SolutionGuid = {35CB064F-9DAD-4C67-B8EC-710775B1C0BB}
	EndGlobalSection
EndGlobal
