
Microsoft Visual Studio Solution File, Format Version 12.00
# Visual Studio Version 17
VisualStudioVersion = 17.14.36511.14 d17.14
MinimumVisualStudioVersion = 10.0.40219.1
Project("{FAE04EC0-301F-11D3-BF4B-00C04F79EFBC}") = "Praktik1.4_Tivano Bima Kusuma X PPLG 1", "Praktik1.4_Tivano Bima Kusuma X PPLG 1\Praktik1.4_Tivano Bima Kusuma X PPLG 1.csproj", "{CFA732BF-5484-40A2-A457-4DFAD52093FA}"
EndProject
Global
	GlobalSection(SolutionConfigurationPlatforms) = preSolution
		Debug|Any CPU = Debug|Any CPU
		Release|Any CPU = Release|Any CPU
	EndGlobalSection
	GlobalSection(ProjectConfigurationPlatforms) = postSolution
		{CFA732BF-5484-40A2-A457-4DFAD52093FA}.Debug|Any CPU.ActiveCfg = Debug|Any CPU
		{CFA732BF-5484-40A2-A457-4DFAD52093FA}.Debug|Any CPU.Build.0 = Debug|Any CPU
		{CFA732BF-5484-40A2-A457-4DFAD52093FA}.Release|Any CPU.ActiveCfg = Release|Any CPU
		{CFA732BF-5484-40A2-A457-4DFAD52093FA}.Release|Any CPU.Build.0 = Release|Any CPU
	EndGlobalSection
	GlobalSection(SolutionProperties) = preSolution
		HideSolutionNode = FALSE
	EndGlobalSection
	GlobalSection(ExtensibilityGlobals) = postSolution
		SolutionGuid = {D0EF0955-50C8-4593-B7A9-4621920BE207}
	EndGlobalSection
EndGlobal
