
Microsoft Visual Studio Solution File, Format Version 12.00
# Visual Studio Version 17
VisualStudioVersion = 17.14.36518.9 d17.14
MinimumVisualStudioVersion = 10.0.40219.1
Project("{FAE04EC0-301F-11D3-BF4B-00C04F79EFBC}") = "Praktik7.3_31.Tivano Bima Kusuma-XPPLG1", "Praktik7.3_31.Tivano Bima Kusuma-XPPLG1.csproj", "{AF06623B-AE40-475A-B206-10C9B80B78D9}"
EndProject
Global
	GlobalSection(SolutionConfigurationPlatforms) = preSolution
		Debug|Any CPU = Debug|Any CPU
		Release|Any CPU = Release|Any CPU
	EndGlobalSection
	GlobalSection(ProjectConfigurationPlatforms) = postSolution
		{AF06623B-AE40-475A-B206-10C9B80B78D9}.Debug|Any CPU.ActiveCfg = Debug|Any CPU
		{AF06623B-AE40-475A-B206-10C9B80B78D9}.Debug|Any CPU.Build.0 = Debug|Any CPU
		{AF06623B-AE40-475A-B206-10C9B80B78D9}.Release|Any CPU.ActiveCfg = Release|Any CPU
		{AF06623B-AE40-475A-B206-10C9B80B78D9}.Release|Any CPU.Build.0 = Release|Any CPU
	EndGlobalSection
	GlobalSection(SolutionProperties) = preSolution
		HideSolutionNode = FALSE
	EndGlobalSection
	GlobalSection(ExtensibilityGlobals) = postSolution
		SolutionGuid = {3593700B-6C04-496A-A37E-9EE560D29C43}
	EndGlobalSection
EndGlobal
