
Microsoft Visual Studio Solution File, Format Version 12.00
# Visual Studio Version 17
VisualStudioVersion = 17.14.36511.14 d17.14
MinimumVisualStudioVersion = 10.0.40219.1
Project("{FAE04EC0-301F-11D3-BF4B-00C04F79EFBC}") = "Praktik3.7 Decrement", "Praktik3.7 Decrement\Praktik3.7 Decrement.csproj", "{9E8A397B-C703-4609-9B9C-B9E2F7311293}"
EndProject
Global
	GlobalSection(SolutionConfigurationPlatforms) = preSolution
		Debug|Any CPU = Debug|Any CPU
		Release|Any CPU = Release|Any CPU
	EndGlobalSection
	GlobalSection(ProjectConfigurationPlatforms) = postSolution
		{9E8A397B-C703-4609-9B9C-B9E2F7311293}.Debug|Any CPU.ActiveCfg = Debug|Any CPU
		{9E8A397B-C703-4609-9B9C-B9E2F7311293}.Debug|Any CPU.Build.0 = Debug|Any CPU
		{9E8A397B-C703-4609-9B9C-B9E2F7311293}.Release|Any CPU.ActiveCfg = Release|Any CPU
		{9E8A397B-C703-4609-9B9C-B9E2F7311293}.Release|Any CPU.Build.0 = Release|Any CPU
	EndGlobalSection
	GlobalSection(SolutionProperties) = preSolution
		HideSolutionNode = FALSE
	EndGlobalSection
	GlobalSection(ExtensibilityGlobals) = postSolution
		SolutionGuid = {32889752-5C7C-442C-83B1-0F896B105772}
	EndGlobalSection
EndGlobal
