
Microsoft Visual Studio Solution File, Format Version 12.00
# Visual Studio Version 17
VisualStudioVersion = 17.14.36518.9 d17.14
MinimumVisualStudioVersion = 10.0.40219.1
Project("{FAE04EC0-301F-11D3-BF4B-00C04F79EFBC}") = "Praktik6.1_31.Tivano Bima Kusuma-XPPLG1", "Praktik6.1_31.Tivano Bima Kusuma-XPPLG1.csproj", "{BCA55BE4-6E5C-4A61-BD18-2B48287D40EA}"
EndProject
Global
	GlobalSection(SolutionConfigurationPlatforms) = preSolution
		Debug|Any CPU = Debug|Any CPU
		Release|Any CPU = Release|Any CPU
	EndGlobalSection
	GlobalSection(ProjectConfigurationPlatforms) = postSolution
		{BCA55BE4-6E5C-4A61-BD18-2B48287D40EA}.Debug|Any CPU.ActiveCfg = Debug|Any CPU
		{BCA55BE4-6E5C-4A61-BD18-2B48287D40EA}.Debug|Any CPU.Build.0 = Debug|Any CPU
		{BCA55BE4-6E5C-4A61-BD18-2B48287D40EA}.Release|Any CPU.ActiveCfg = Release|Any CPU
		{BCA55BE4-6E5C-4A61-BD18-2B48287D40EA}.Release|Any CPU.Build.0 = Release|Any CPU
	EndGlobalSection
	GlobalSection(SolutionProperties) = preSolution
		HideSolutionNode = FALSE
	EndGlobalSection
	GlobalSection(ExtensibilityGlobals) = postSolution
		SolutionGuid = {2AE3CE2D-D77C-4CB3-A4C5-B3E9D96E6608}
	EndGlobalSection
EndGlobal
