
Microsoft Visual Studio Solution File, Format Version 12.00
# Visual Studio Version 17
VisualStudioVersion = 17.14.36511.14 d17.14
MinimumVisualStudioVersion = 10.0.40219.1
Project("{FAE04EC0-301F-11D3-BF4B-00C04F79EFBC}") = "Praktik1.3_Tivano Bima Kusuma X PPLG 1", "Praktik1.3_Tivano Bima Kusuma X PPLG 1\Praktik1.3_Tivano Bima Kusuma X PPLG 1.csproj", "{455D1D3D-E1EB-4546-B013-D77ABC91BB3B}"
EndProject
Global
	GlobalSection(SolutionConfigurationPlatforms) = preSolution
		Debug|Any CPU = Debug|Any CPU
		Release|Any CPU = Release|Any CPU
	EndGlobalSection
	GlobalSection(ProjectConfigurationPlatforms) = postSolution
		{455D1D3D-E1EB-4546-B013-D77ABC91BB3B}.Debug|Any CPU.ActiveCfg = Debug|Any CPU
		{455D1D3D-E1EB-4546-B013-D77ABC91BB3B}.Debug|Any CPU.Build.0 = Debug|Any CPU
		{455D1D3D-E1EB-4546-B013-D77ABC91BB3B}.Release|Any CPU.ActiveCfg = Release|Any CPU
		{455D1D3D-E1EB-4546-B013-D77ABC91BB3B}.Release|Any CPU.Build.0 = Release|Any CPU
	EndGlobalSection
	GlobalSection(SolutionProperties) = preSolution
		HideSolutionNode = FALSE
	EndGlobalSection
	GlobalSection(ExtensibilityGlobals) = postSolution
		SolutionGuid = {38EE66FF-0F17-48FA-9527-D02737277256}
	EndGlobalSection
EndGlobal
