
Microsoft Visual Studio Solution File, Format Version 12.00
# Visual Studio Version 17
VisualStudioVersion = 17.14.36511.14 d17.14
MinimumVisualStudioVersion = 10.0.40219.1
Project("{FAE04EC0-301F-11D3-BF4B-00C04F79EFBC}") = "Projek1_Tivano Bima Kusuma X PPLG 1", "Projek1_Tivano Bima Kusuma X PPLG 1\Projek1_Tivano Bima Kusuma X PPLG 1.csproj", "{7873D1E1-7720-4FB4-9530-39BA23011681}"
EndProject
Global
	GlobalSection(SolutionConfigurationPlatforms) = preSolution
		Debug|Any CPU = Debug|Any CPU
		Release|Any CPU = Release|Any CPU
	EndGlobalSection
	GlobalSection(ProjectConfigurationPlatforms) = postSolution
		{7873D1E1-7720-4FB4-9530-39BA23011681}.Debug|Any CPU.ActiveCfg = Debug|Any CPU
		{7873D1E1-7720-4FB4-9530-39BA23011681}.Debug|Any CPU.Build.0 = Debug|Any CPU
		{7873D1E1-7720-4FB4-9530-39BA23011681}.Release|Any CPU.ActiveCfg = Release|Any CPU
		{7873D1E1-7720-4FB4-9530-39BA23011681}.Release|Any CPU.Build.0 = Release|Any CPU
	EndGlobalSection
	GlobalSection(SolutionProperties) = preSolution
		HideSolutionNode = FALSE
	EndGlobalSection
	GlobalSection(ExtensibilityGlobals) = postSolution
		SolutionGuid = {1B8E4DE6-65CC-44E9-B199-CF6BBC532AE4}
	EndGlobalSection
EndGlobal
