
Microsoft Visual Studio Solution File, Format Version 12.00
# Visual Studio Version 17
VisualStudioVersion = 17.14.36518.9 d17.14
MinimumVisualStudioVersion = 10.0.40219.1
Project("{FAE04EC0-301F-11D3-BF4B-00C04F79EFBC}") = "TUGAS.1_31.Tivano Bima Kusuma-XPPLG1", "TUGAS.1_31.Tivano Bima Kusuma-XPPLG1.csproj", "{C03CE88B-BE08-440F-95D5-14D2975988ED}"
EndProject
Global
	GlobalSection(SolutionConfigurationPlatforms) = preSolution
		Debug|Any CPU = Debug|Any CPU
		Release|Any CPU = Release|Any CPU
	EndGlobalSection
	GlobalSection(ProjectConfigurationPlatforms) = postSolution
		{C03CE88B-BE08-440F-95D5-14D2975988ED}.Debug|Any CPU.ActiveCfg = Debug|Any CPU
		{C03CE88B-BE08-440F-95D5-14D2975988ED}.Debug|Any CPU.Build.0 = Debug|Any CPU
		{C03CE88B-BE08-440F-95D5-14D2975988ED}.Release|Any CPU.ActiveCfg = Release|Any CPU
		{C03CE88B-BE08-440F-95D5-14D2975988ED}.Release|Any CPU.Build.0 = Release|Any CPU
	EndGlobalSection
	GlobalSection(SolutionProperties) = preSolution
		HideSolutionNode = FALSE
	EndGlobalSection
	GlobalSection(ExtensibilityGlobals) = postSolution
		SolutionGuid = {87B70ED4-7D9D-4429-B183-9537A3B200C7}
	EndGlobalSection
EndGlobal
