
Microsoft Visual Studio Solution File, Format Version 12.00
# Visual Studio Version 17
VisualStudioVersion = 17.14.36511.14 d17.14
MinimumVisualStudioVersion = 10.0.40219.1
Project("{FAE04EC0-301F-11D3-BF4B-00C04F79EFBC}") = "Praktik3.6 Increment", "Praktik3.6 Increment\Praktik3.6 Increment.csproj", "{F43F277B-440E-4A5E-AB07-C1748C81FD09}"
EndProject
Global
	GlobalSection(SolutionConfigurationPlatforms) = preSolution
		Debug|Any CPU = Debug|Any CPU
		Release|Any CPU = Release|Any CPU
	EndGlobalSection
	GlobalSection(ProjectConfigurationPlatforms) = postSolution
		{F43F277B-440E-4A5E-AB07-C1748C81FD09}.Debug|Any CPU.ActiveCfg = Debug|Any CPU
		{F43F277B-440E-4A5E-AB07-C1748C81FD09}.Debug|Any CPU.Build.0 = Debug|Any CPU
		{F43F277B-440E-4A5E-AB07-C1748C81FD09}.Release|Any CPU.ActiveCfg = Release|Any CPU
		{F43F277B-440E-4A5E-AB07-C1748C81FD09}.Release|Any CPU.Build.0 = Release|Any CPU
	EndGlobalSection
	GlobalSection(SolutionProperties) = preSolution
		HideSolutionNode = FALSE
	EndGlobalSection
	GlobalSection(ExtensibilityGlobals) = postSolution
		SolutionGuid = {650FB4B4-F771-4C54-A350-B623FA271728}
	EndGlobalSection
EndGlobal
