
Microsoft Visual Studio Solution File, Format Version 12.00
# Visual Studio Version 17
VisualStudioVersion = 17.14.36511.14 d17.14
MinimumVisualStudioVersion = 10.0.40219.1
Project("{FAE04EC0-301F-11D3-BF4B-00C04F79EFBC}") = "Praktik3.10 Penugasan", "Praktik3.10 Penugasan\Praktik3.10 Penugasan.csproj", "{D6DDD8F4-AC3B-44B9-90E2-D94D6F4321E5}"
EndProject
Global
	GlobalSection(SolutionConfigurationPlatforms) = preSolution
		Debug|Any CPU = Debug|Any CPU
		Release|Any CPU = Release|Any CPU
	EndGlobalSection
	GlobalSection(ProjectConfigurationPlatforms) = postSolution
		{D6DDD8F4-AC3B-44B9-90E2-D94D6F4321E5}.Debug|Any CPU.ActiveCfg = Debug|Any CPU
		{D6DDD8F4-AC3B-44B9-90E2-D94D6F4321E5}.Debug|Any CPU.Build.0 = Debug|Any CPU
		{D6DDD8F4-AC3B-44B9-90E2-D94D6F4321E5}.Release|Any CPU.ActiveCfg = Release|Any CPU
		{D6DDD8F4-AC3B-44B9-90E2-D94D6F4321E5}.Release|Any CPU.Build.0 = Release|Any CPU
	EndGlobalSection
	GlobalSection(SolutionProperties) = preSolution
		HideSolutionNode = FALSE
	EndGlobalSection
	GlobalSection(ExtensibilityGlobals) = postSolution
		SolutionGuid = {F0654A5B-19CC-453D-95E6-08F5416326E6}
	EndGlobalSection
EndGlobal
