
Microsoft Visual Studio Solution File, Format Version 12.00
# Visual Studio Version 17
VisualStudioVersion = 17.14.36518.9 d17.14
MinimumVisualStudioVersion = 10.0.40219.1
Project("{FAE04EC0-301F-11D3-BF4B-00C04F79EFBC}") = "Praktik5.7_31.Tivano Bima Kusuna-XPPLG1", "Praktik5.7_31.Tivano Bima Kusuna-XPPLG1.csproj", "{CBE920E4-B68A-422F-846D-5A455B7FE792}"
EndProject
Global
	GlobalSection(SolutionConfigurationPlatforms) = preSolution
		Debug|Any CPU = Debug|Any CPU
		Release|Any CPU = Release|Any CPU
	EndGlobalSection
	GlobalSection(ProjectConfigurationPlatforms) = postSolution
		{CBE920E4-B68A-422F-846D-5A455B7FE792}.Debug|Any CPU.ActiveCfg = Debug|Any CPU
		{CBE920E4-B68A-422F-846D-5A455B7FE792}.Debug|Any CPU.Build.0 = Debug|Any CPU
		{CBE920E4-B68A-422F-846D-5A455B7FE792}.Release|Any CPU.ActiveCfg = Release|Any CPU
		{CBE920E4-B68A-422F-846D-5A455B7FE792}.Release|Any CPU.Build.0 = Release|Any CPU
	EndGlobalSection
	GlobalSection(SolutionProperties) = preSolution
		HideSolutionNode = FALSE
	EndGlobalSection
	GlobalSection(ExtensibilityGlobals) = postSolution
		SolutionGuid = {8F90693A-0B6E-4DE3-978B-C78B2E8F3E04}
	EndGlobalSection
EndGlobal
