
Microsoft Visual Studio Solution File, Format Version 12.00
# Visual Studio Version 17
VisualStudioVersion = 17.14.36518.9 d17.14
MinimumVisualStudioVersion = 10.0.40219.1
Project("{FAE04EC0-301F-11D3-BF4B-00C04F79EFBC}") = "Praktik5.6_31.Tivano Bima Kusuma-XPPLG1", "Praktik5.6_31.Tivano Bima Kusuma-XPPLG1.csproj", "{1C021542-523B-4434-98FF-766F88E514E8}"
EndProject
Global
	GlobalSection(SolutionConfigurationPlatforms) = preSolution
		Debug|Any CPU = Debug|Any CPU
		Release|Any CPU = Release|Any CPU
	EndGlobalSection
	GlobalSection(ProjectConfigurationPlatforms) = postSolution
		{1C021542-523B-4434-98FF-766F88E514E8}.Debug|Any CPU.ActiveCfg = Debug|Any CPU
		{1C021542-523B-4434-98FF-766F88E514E8}.Debug|Any CPU.Build.0 = Debug|Any CPU
		{1C021542-523B-4434-98FF-766F88E514E8}.Release|Any CPU.ActiveCfg = Release|Any CPU
		{1C021542-523B-4434-98FF-766F88E514E8}.Release|Any CPU.Build.0 = Release|Any CPU
	EndGlobalSection
	GlobalSection(SolutionProperties) = preSolution
		HideSolutionNode = FALSE
	EndGlobalSection
	GlobalSection(ExtensibilityGlobals) = postSolution
		SolutionGuid = {35A73FB8-DDD5-4C89-855F-3572C22938F4}
	EndGlobalSection
EndGlobal
