
Microsoft Visual Studio Solution File, Format Version 12.00
# Visual Studio Version 17
VisualStudioVersion = 17.14.36518.9 d17.14
MinimumVisualStudioVersion = 10.0.40219.1
Project("{FAE04EC0-301F-11D3-BF4B-00C04F79EFBC}") = "Praktik7.2_31.Tivano Bima Kusuma-XPPLG1", "Praktik7.2_31.Tivano Bima Kusuma-XPPLG1.csproj", "{6153127B-E080-4268-9C19-15343C04FB88}"
EndProject
Global
	GlobalSection(SolutionConfigurationPlatforms) = preSolution
		Debug|Any CPU = Debug|Any CPU
		Release|Any CPU = Release|Any CPU
	EndGlobalSection
	GlobalSection(ProjectConfigurationPlatforms) = postSolution
		{6153127B-E080-4268-9C19-15343C04FB88}.Debug|Any CPU.ActiveCfg = Debug|Any CPU
		{6153127B-E080-4268-9C19-15343C04FB88}.Debug|Any CPU.Build.0 = Debug|Any CPU
		{6153127B-E080-4268-9C19-15343C04FB88}.Release|Any CPU.ActiveCfg = Release|Any CPU
		{6153127B-E080-4268-9C19-15343C04FB88}.Release|Any CPU.Build.0 = Release|Any CPU
	EndGlobalSection
	GlobalSection(SolutionProperties) = preSolution
		HideSolutionNode = FALSE
	EndGlobalSection
	GlobalSection(ExtensibilityGlobals) = postSolution
		SolutionGuid = {13E1067A-B782-460B-BCBB-778BF3B74E61}
	EndGlobalSection
EndGlobal
