
Microsoft Visual Studio Solution File, Format Version 12.00
# Visual Studio Version 17
VisualStudioVersion = 17.14.36518.9 d17.14
MinimumVisualStudioVersion = 10.0.40219.1
Project("{FAE04EC0-301F-11D3-BF4B-00C04F79EFBC}") = "Project Akhir Reall 31.Tivano Bima Kusuma", "Project Akhir Reall 31.Tivano Bima Kusuma.csproj", "{721FBD6F-8122-46C6-862A-A470919B3A95}"
EndProject
Global
	GlobalSection(SolutionConfigurationPlatforms) = preSolution
		Debug|Any CPU = Debug|Any CPU
		Release|Any CPU = Release|Any CPU
	EndGlobalSection
	GlobalSection(ProjectConfigurationPlatforms) = postSolution
		{721FBD6F-8122-46C6-862A-A470919B3A95}.Debug|Any CPU.ActiveCfg = Debug|Any CPU
		{721FBD6F-8122-46C6-862A-A470919B3A95}.Debug|Any CPU.Build.0 = Debug|Any CPU
		{721FBD6F-8122-46C6-862A-A470919B3A95}.Release|Any CPU.ActiveCfg = Release|Any CPU
		{721FBD6F-8122-46C6-862A-A470919B3A95}.Release|Any CPU.Build.0 = Release|Any CPU
	EndGlobalSection
	GlobalSection(SolutionProperties) = preSolution
		HideSolutionNode = FALSE
	EndGlobalSection
	GlobalSection(ExtensibilityGlobals) = postSolution
		SolutionGuid = {FA6BE89E-0466-4DDF-868F-C031DA751F00}
	EndGlobalSection
EndGlobal
