
Microsoft Visual Studio Solution File, Format Version 12.00
# Visual Studio Version 17
VisualStudioVersion = 17.14.36518.9 d17.14
MinimumVisualStudioVersion = 10.0.40219.1
Project("{FAE04EC0-301F-11D3-BF4B-00C04F79EFBC}") = "Percabangan2._31.Tivano Bima Kusuma-XPPLG1", "Percabangan2._31.Tivano Bima Kusuma-XPPLG1.csproj", "{71655A98-ED7A-428E-B18C-F08ACEBEBF1A}"
EndProject
Global
	GlobalSection(SolutionConfigurationPlatforms) = preSolution
		Debug|Any CPU = Debug|Any CPU
		Release|Any CPU = Release|Any CPU
	EndGlobalSection
	GlobalSection(ProjectConfigurationPlatforms) = postSolution
		{71655A98-ED7A-428E-B18C-F08ACEBEBF1A}.Debug|Any CPU.ActiveCfg = Debug|Any CPU
		{71655A98-ED7A-428E-B18C-F08ACEBEBF1A}.Debug|Any CPU.Build.0 = Debug|Any CPU
		{71655A98-ED7A-428E-B18C-F08ACEBEBF1A}.Release|Any CPU.ActiveCfg = Release|Any CPU
		{71655A98-ED7A-428E-B18C-F08ACEBEBF1A}.Release|Any CPU.Build.0 = Release|Any CPU
	EndGlobalSection
	GlobalSection(SolutionProperties) = preSolution
		HideSolutionNode = FALSE
	EndGlobalSection
	GlobalSection(ExtensibilityGlobals) = postSolution
		SolutionGuid = {11FD8BC7-E665-4A2E-A94C-A98E4F7F7422}
	EndGlobalSection
EndGlobal
